// !$*UTF8*$!
{
	archiveVersion = 1;
	classes = {
	};
	objectVersion = 50;
	objects = {

/* Begin PBXBuildFile section */
		0416DA012458818300849E2A /* WeatherManger.swift in Sources */ = {isa = PBXBuildFile; fileRef = 0416DA002458818300849E2A /* WeatherManger.swift */; };
		0416DA032458B98000849E2A /* WeatherData.swift in Sources */ = {isa = PBXBuildFile; fileRef = 0416DA022458B98000849E2A /* WeatherData.swift */; };
		0416DA052458CBC400849E2A /* WeatherModel.swift in Sources */ = {isa = PBXBuildFile; fileRef = 0416DA042458CBC400849E2A /* WeatherModel.swift */; };
		04D932C824579ECF0079B4E6 /* AppDelegate.swift in Sources */ = {isa = PBXBuildFile; fileRef = 04D932C724579ECF0079B4E6 /* AppDelegate.swift */; };
		04D932CA24579ECF0079B4E6 /* SceneDelegate.swift in Sources */ = {isa = PBXBuildFile; fileRef = 04D932C924579ECF0079B4E6 /* SceneDelegate.swift */; };
		04D932CC24579ECF0079B4E6 /* ViewController.swift in Sources */ = {isa = PBXBuildFile; fileRef = 04D932CB24579ECF0079B4E6 /* ViewController.swift */; };
		04D932CF24579ECF0079B4E6 /* Main.storyboard in Resources */ = {isa = PBXBuildFile; fileRef = 04D932CD24579ECF0079B4E6 /* Main.storyboard */; };
		04D932D124579ED60079B4E6 /* Assets.xcassets in Resources */ = {isa = PBXBuildFile; fileRef = 04D932D024579ED60079B4E6 /* Assets.xcassets */; };
		04D932D424579ED60079B4E6 /* LaunchScreen.storyboard in Resources */ = {isa = PBXBuildFile; fileRef = 04D932D224579ED60079B4E6 /* LaunchScreen.storyboard */; };
/* End PBXBuildFile section */

/* Begin PBXFileReference section */
		0416DA002458818300849E2A /* WeatherManger.swift */ = {isa = PBXFileReference; lastKnownFileType = sourcecode.swift; path = WeatherManger.swift; sourceTree = "<group>"; };
		0416DA022458B98000849E2A /* WeatherData.swift */ = {isa = PBXFileReference; lastKnownFileType = sourcecode.swift; path = WeatherData.swift; sourceTree = "<group>"; };
		0416DA042458CBC400849E2A /* WeatherModel.swift */ = {isa = PBXFileReference; lastKnownFileType = sourcecode.swift; path = WeatherModel.swift; sourceTree = "<group>"; };
		04D932C424579ECF0079B4E6 /* Clima.app */ = {isa = PBXFileReference; explicitFileType = wrapper.application; includeInIndex = 0; path = Clima.app; sourceTree = BUILT_PRODUCTS_DIR; };
		04D932C724579ECF0079B4E6 /* AppDelegate.swift */ = {isa = PBXFileReference; lastKnownFileType = sourcecode.swift; path = AppDelegate.swift; sourceTree = "<group>"; };
		04D932C924579ECF0079B4E6 /* SceneDelegate.swift */ = {isa = PBXFileReference; lastKnownFileType = sourcecode.swift; path = SceneDelegate.swift; sourceTree = "<group>"; };
		04D932CB24579ECF0079B4E6 /* ViewController.swift */ = {isa = PBXFileReference; lastKnownFileType = sourcecode.swift; path = ViewController.swift; sourceTree = "<group>"; };
		04D932CE24579ECF0079B4E6 /* Base */ = {isa = PBXFileReference; lastKnownFileType = file.storyboard; name = Base; path = Base.lproj/Main.storyboard; sourceTree = "<group>"; };
		04D932D024579ED60079B4E6 /* Assets.xcassets */ = {isa = PBXFileReference; lastKnownFileType = folder.assetcatalog; path = Assets.xcassets; sourceTree = "<group>"; };
		04D932D324579ED60079B4E6 /* Base */ = {isa = PBXFileReference; lastKnownFileType = file.storyboard; name = Base; path = Base.lproj/LaunchScreen.storyboard; sourceTree = "<group>"; };
		04D932D524579ED60079B4E6 /* Info.plist */ = {isa = PBXFileReference; lastKnownFileType = text.plist.xml; path = Info.plist; sourceTree = "<group>"; };
/* End PBXFileReference section */

/* Begin PBXFrameworksBuildPhase section */
		04D932C124579ECF0079B4E6 /* Frameworks */ = {
			isa = PBXFrameworksBuildPhase;
			buildActionMask = 2147483647;
			files = (
			);
			runOnlyForDeploymentPostprocessing = 0;
		};
/* End PBXFrameworksBuildPhase section */

/* Begin PBXGroup section */
		0416D9FD245880E300849E2A /* View */ = {
			isa = PBXGroup;
			children = (
				04D932CD24579ECF0079B4E6 /* Main.storyboard */,
			);
			path = View;
			sourceTree = "<group>";
		};
		0416D9FE245880F800849E2A /* Control */ = {
			isa = PBXGroup;
			children = (
				04D932CB24579ECF0079B4E6 /* ViewController.swift */,
			);
			path = Control;
			sourceTree = "<group>";
		};
		0416D9FF2458810200849E2A /* Model */ = {
			isa = PBXGroup;
			children = (
				0416DA002458818300849E2A /* WeatherManger.swift */,
				0416DA022458B98000849E2A /* WeatherData.swift */,
				0416DA042458CBC400849E2A /* WeatherModel.swift */,
			);
			path = Model;
			sourceTree = "<group>";
		};
		04D932BB24579ECF0079B4E6 = {
			isa = PBXGroup;
			children = (
				04D932C624579ECF0079B4E6 /* Clima */,
				04D932C524579ECF0079B4E6 /* Products */,
			);
			sourceTree = "<group>";
		};
		04D932C524579ECF0079B4E6 /* Products */ = {
			isa = PBXGroup;
			children = (
				04D932C424579ECF0079B4E6 /* Clima.app */,
			);
			name = Products;
			sourceTree = "<group>";
		};
		04D932C624579ECF0079B4E6 /* Clima */ = {
			isa = PBXGroup;
			children = (
				04D932C724579ECF0079B4E6 /* AppDelegate.swift */,
				04D932C924579ECF0079B4E6 /* SceneDelegate.swift */,
				0416D9FF2458810200849E2A /* Model */,
				0416D9FD245880E300849E2A /* View */,
				0416D9FE245880F800849E2A /* Control */,
				04D932D024579ED60079B4E6 /* Assets.xcassets */,
				04D932D224579ED60079B4E6 /* LaunchScreen.storyboard */,
				04D932D524579ED60079B4E6 /* Info.plist */,
			);
			path = Clima;
			sourceTree = "<group>";
		};
/* End PBXGroup section */

/* Begin PBXNativeTarget section */
		04D932C324579ECF0079B4E6 /* Clima */ = {
			isa = PBXNativeTarget;
			buildConfigurationList = 04D932D824579ED60079B4E6 /* Build configuration list for PBXNativeTarget "Clima" */;
			buildPhases = (
				04D932C024579ECF0079B4E6 /* Sources */,
				04D932C124579ECF0079B4E6 /* Frameworks */,
				04D932C224579ECF0079B4E6 /* Resources */,
			);
			buildRules = (
			);
			dependencies = (
			);
			name = Clima;
			productName = Clima;
			productReference = 04D932C424579ECF0079B4E6 /* Clima.app */;
			productType = "com.apple.product-type.application";
		};
/* End PBXNativeTarget section */

/* Begin PBXProject section */
		04D932BC24579ECF0079B4E6 /* Project object */ = {
			isa = PBXProject;
			attributes = {
				LastSwiftUpdateCheck = 1140;
				LastUpgradeCheck = 1140;
				ORGANIZATIONNAME = Esraa;
				TargetAttributes = {
					04D932C324579ECF0079B4E6 = {
						CreatedOnToolsVersion = 11.4.1;
					};
				};
			};
			buildConfigurationList = 04D932BF24579ECF0079B4E6 /* Build configuration list for PBXProject "Clima" */;
			compatibilityVersion = "Xcode 9.3";
			developmentRegion = en;
			hasScannedForEncodings = 0;
			knownRegions = (
				en,
				Base,
			);
			mainGroup = 04D932BB24579ECF0079B4E6;
			productRefGroup = 04D932C524579ECF0079B4E6 /* Products */;
			projectDirPath = "";
			projectRoot = "";
			targets = (
				04D932C324579ECF0079B4E6 /* Clima */,
			);
		};
/* End PBXProject section */

/* Begin PBXResourcesBuildPhase section */
		04D932C224579ECF0079B4E6 /* Resources */ = {
			isa = PBXResourcesBuildPhase;
			buildActionMask = 2147483647;
			files = (
				04D932D424579ED60079B4E6 /* LaunchScreen.storyboard in Resources */,
				04D932D124579ED60079B4E6 /* Assets.xcassets in Resources */,
				04D932CF24579ECF0079B4E6 /* Main.storyboard in Resources */,
			);
			runOnlyForDeploymentPostprocessing = 0;
		};
/* End PBXResourcesBuildPhase section */

/* Begin PBXSourcesBuildPhase section */
		04D932C024579ECF0079B4E6 /* Sources */ = {
			isa = PBXSourcesBuildPhase;
			buildActionMask = 2147483647;
			files = (
				0416DA012458818300849E2A /* WeatherManger.swift in Sources */,
				0416DA032458B98000849E2A /* WeatherData.swift in Sources */,
				04D932CC24579ECF0079B4E6 /* ViewController.swift in Sources */,
				04D932C824579ECF0079B4E6 /* AppDelegate.swift in Sources */,
				0416DA052458CBC400849E2A /* WeatherModel.swift in Sources */,
				04D932CA24579ECF0079B4E6 /* SceneDelegate.swift in Sources */,
			);
			runOnlyForDeploymentPostprocessing = 0;
		};
/* End PBXSourcesBuildPhase section */

/* Begin PBXVariantGroup section */
		04D932CD24579ECF0079B4E6 /* Main.storyboard */ = {
			isa = PBXVariantGroup;
			children = (
				04D932CE24579ECF0079B4E6 /* Base */,
			);
			name = Main.storyboard;
			sourceTree = "<group>";
		};
		04D932D224579ED60079B4E6 /* LaunchScreen.storyboard */ = {
			isa = PBXVariantGroup;
			children = (
				04D932D324579ED60079B4E6 /* Base */,
			);
			name = LaunchScreen.storyboard;
			sourceTree = "<group>";
		};
/* End PBXVariantGroup section */

/* Begin XCBuildConfiguration section */
		04D932D624579ED60079B4E6 /* Debug */ = {
			isa = XCBuildConfiguration;
			buildSettings = {
				ALWAYS_SEARCH_USER_PATHS = NO;
				CLANG_ANALYZER_NONNULL = YES;
				CLANG_ANALYZER_NUMBER_OBJECT_CONVERSION = YES_AGGRESSIVE;
				CLANG_CXX_LANGUAGE_STANDARD = "gnu++14";
				CLANG_CXX_LIBRARY = "libc++";
				CLANG_ENABLE_MODULES = YES;
				CLANG_ENABLE_OBJC_ARC = YES;
				CLANG_ENABLE_OBJC_WEAK = YES;
				CLANG_WARN_BLOCK_CAPTURE_AUTORELEASING = YES;
				CLANG_WARN_BOOL_CONVERSION = YES;
				CLANG_WARN_COMMA = YES;
				CLANG_WARN_CONSTANT_CONVERSION = YES;
				CLANG_WARN_DEPRECATED_OBJC_IMPLEMENTATIONS = YES;
				CLANG_WARN_DIRECT_OBJC_ISA_USAGE = YES_ERROR;
				CLANG_WARN_DOCUMENTATION_COMMENTS = YES;
				CLANG_WARN_EMPTY_BODY = YES;
				CLANG_WARN_ENUM_CONVERSION = YES;
				CLANG_WARN_INFINITE_RECURSION = YES;
				CLANG_WARN_INT_CONVERSION = YES;
				CLANG_WARN_NON_LITERAL_NULL_CONVERSION = YES;
				CLANG_WARN_OBJC_IMPLICIT_RETAIN_SELF = YES;
				CLANG_WARN_OBJC_LITERAL_CONVERSION = YES;
				CLANG_WARN_OBJC_ROOT_CLASS = YES_ERROR;
				CLANG_WARN_RANGE_LOOP_ANALYSIS = YES;
				CLANG_WARN_STRICT_PROTOTYPES = YES;
				CLANG_WARN_SUSPICIOUS_MOVE = YES;
				CLANG_WARN_UNGUARDED_AVAILABILITY = YES_AGGRESSIVE;
				CLANG_WARN_UNREACHABLE_CODE = YES;
				CLANG_WARN__DUPLICATE_METHOD_MATCH = YES;
				COPY_PHASE_STRIP = NO;
				DEBUG_INFORMATION_FORMAT = dwarf;
				ENABLE_STRICT_OBJC_MSGSEND = YES;
				ENABLE_TESTABILITY = YES;
				GCC_C_LANGUAGE_STANDARD = gnu11;
				GCC_DYNAMIC_NO_PIC = NO;
				GCC_NO_COMMON_BLOCKS = YES;
				GCC_OPTIMIZATION_LEVEL = 0;
				GCC_PREPROCESSOR_DEFINITIONS = (
					"DEBUG=1",
					"$(inherited)",
				);
				GCC_WARN_64_TO_32_BIT_CONVERSION = YES;
				GCC_WARN_ABOUT_RETURN_TYPE = YES_ERROR;
				GCC_WARN_UNDECLARED_SELECTOR = YES;
				GCC_WARN_UNINITIALIZED_AUTOS = YES_AGGRESSIVE;
				GCC_WARN_UNUSED_FUNCTION = YES;
				GCC_WARN_UNUSED_VARIABLE = YES;
				IPHONEOS_DEPLOYMENT_TARGET = 13.4;
				MTL_ENABLE_DEBUG_INFO = INCLUDE_SOURCE;
				MTL_FAST_MATH = YES;
				ONLY_ACTIVE_ARCH = YES;
				SDKROOT = iphoneos;
				SWIFT_ACTIVE_COMPILATION_CONDITIONS = DEBUG;
				SWIFT_OPTIMIZATION_LEVEL = "-Onone";
			};
			name = Debug;
		};
		04D932D724579ED60079B4E6 /* Release */ = {
			isa = XCBuildConfiguration;
			buildSettings = {
				ALWAYS_SEARCH_USER_PATHS = NO;
				CLANG_ANALYZER_NONNULL = YES;
				CLANG_ANALYZER_NUMBER_OBJECT_CONVERSION = YES_AGGRESSIVE;
				CLANG_CXX_LANGUAGE_STANDARD = "gnu++14";
				CLANG_CXX_LIBRARY = "libc++";
				CLANG_ENABLE_MODULES = YES;
				CLANG_ENABLE_OBJC_ARC = YES;
				CLANG_ENABLE_OBJC_WEAK = YES;
				CLANG_WARN_BLOCK_CAPTURE_AUTORELEASING = YES;
				CLANG_WARN_BOOL_CONVERSION = YES;
				CLANG_WARN_COMMA = YES;
				CLANG_WARN_CONSTANT_CONVERSION = YES;
				CLANG_WARN_DEPRECATED_OBJC_IMPLEMENTATIONS = YES;
				CLANG_WARN_DIRECT_OBJC_ISA_USAGE = YES_ERROR;
				CLANG_WARN_DOCUMENTATION_COMMENTS = YES;
				CLANG_WARN_EMPTY_BODY = YES;
				CLANG_WARN_ENUM_CONVERSION = YES;
				CLANG_WARN_INFINITE_RECURSION = YES;
				CLANG_WARN_INT_CONVERSION = YES;
				CLANG_WARN_NON_LITERAL_NULL_CONVERSION = YES;
				CLANG_WARN_OBJC_IMPLICIT_RETAIN_SELF = YES;
				CLANG_WARN_OBJC_LITERAL_CONVERSION = YES;
				CLANG_WARN_OBJC_ROOT_CLASS = YES_ERROR;
				CLANG_WARN_RANGE_LOOP_ANALYSIS = YES;
				CLANG_WARN_STRICT_PROTOTYPES = YES;
				CLANG_WARN_SUSPICIOUS_MOVE = YES;
				CLANG_WARN_UNGUARDED_AVAILABILITY = YES_AGGRESSIVE;
				CLANG_WARN_UNREACHABLE_CODE = YES;
				CLANG_WARN__DUPLICATE_METHOD_MATCH = YES;
				COPY_PHASE_STRIP = NO;
				DEBUG_INFORMATION_FORMAT = "dwarf-with-dsym";
				ENABLE_NS_ASSERTIONS = NO;
				ENABLE_STRICT_OBJC_MSGSEND = YES;
				GCC_C_LANGUAGE_STANDARD = gnu11;
				GCC_NO_COMMON_BLOCKS = YES;
				GCC_WARN_64_TO_32_BIT_CONVERSION = YES;
				GCC_WARN_ABOUT_RETURN_TYPE = YES_ERROR;
				GCC_WARN_UNDECLARED_SELECTOR = YES;
				GCC_WARN_UNINITIALIZED_AUTOS = YES_AGGRESSIVE;
				GCC_WARN_UNUSED_FUNCTION = YES;
				GCC_WARN_UNUSED_VARIABLE = YES;
				IPHONEOS_DEPLOYMENT_TARGET = 13.4;
				MTL_ENABLE_DEBUG_INFO = NO;
				MTL_FAST_MATH = YES;
				SDKROOT = iphoneos;
				SWIFT_COMPILATION_MODE = wholemodule;
				SWIFT_OPTIMIZATION_LEVEL = "-O";
				VALIDATE_PRODUCT = YES;
			};
			name = Release;
		};
		04D932D924579ED60079B4E6 /* Debug */ = {
			isa = XCBuildConfiguration;
			buildSettings = {
				ASSETCATALOG_COMPILER_APPICON_NAME = AppIcon;
				CODE_SIGN_STYLE = Automatic;
				DEVELOPMENT_TEAM = T5GA7DTMUP;
				INFOPLIST_FILE = Clima/Info.plist;
				IPHONEOS_DEPLOYMENT_TARGET = 13.0;
				LD_RUNPATH_SEARCH_PATHS = (
					"$(inherited)",
					"@executable_path/Frameworks",
				);
				PRODUCT_BUNDLE_IDENTIFIER = com.esraa.Clima;
				PRODUCT_NAME = "$(TARGET_NAME)";
				SWIFT_VERSION = 5.0;
				TARGETED_DEVICE_FAMILY = "1,2";
			};
			name = Debug;
		};
		04D932DA24579ED60079B4E6 /* Release */ = {
			isa = XCBuildConfiguration;
			buildSettings = {
				ASSETCATALOG_COMPILER_APPICON_NAME = AppIcon;
				CODE_SIGN_STYLE = Automatic;
				DEVELOPMENT_TEAM = T5GA7DTMUP;
				INFOPLIST_FILE = Clima/Info.plist;
				IPHONEOS_DEPLOYMENT_TARGET = 13.0;
				LD_RUNPATH_SEARCH_PATHS = (
					"$(inherited)",
					"@executable_path/Frameworks",
				);
				PRODUCT_BUNDLE_IDENTIFIER = com.esraa.Clima;
				PRODUCT_NAME = "$(TARGET_NAME)";
				SWIFT_VERSION = 5.0;
				TARGETED_DEVICE_FAMILY = "1,2";
			};
			name = Release;
		};
/* End XCBuildConfiguration section */

/* Begin XCConfigurationList section */
		04D932BF24579ECF0079B4E6 /* Build configuration list for PBXProject "Clima" */ = {
			isa = XCConfigurationList;
			buildConfigurations = (
				04D932D624579ED60079B4E6 /* Debug */,
				04D932D724579ED60079B4E6 /* Release */,
			);
			defaultConfigurationIsVisible = 0;
			defaultConfigurationName = Release;
		};
		04D932D824579ED60079B4E6 /* Build configuration list for PBXNativeTarget "Clima" */ = {
			isa = XCConfigurationList;
			buildConfigurations = (
				04D932D924579ED60079B4E6 /* Debug */,
				04D932DA24579ED60079B4E6 /* Release */,
			);
			defaultConfigurationIsVisible = 0;
			defaultConfigurationName = Release;
		};
/* End XCConfigurationList section */
	};
	rootObject = 04D932BC24579ECF0079B4E6 /* Project object */;
}
