// !$*UTF8*$!
{
	archiveVersion = 1;
	classes = {
	};
	objectVersion = 51;
	objects = {

/* Begin PBXBuildFile section */
		040C531124546EFC00F1A885 /* CalculatorBrain.swift in Sources */ = {isa = PBXBuildFile; fileRef = 040C531024546EFC00F1A885 /* CalculatorBrain.swift */; };
		040C531324547ADB00F1A885 /* BMI.swift in Sources */ = {isa = PBXBuildFile; fileRef = 040C531224547ADB00F1A885 /* BMI.swift */; };
		04EEB7A72453353000CCE474 /* AppDelegate.swift in Sources */ = {isa = PBXBuildFile; fileRef = 04EEB7A62453353000CCE474 /* AppDelegate.swift */; };
		04EEB7A92453353000CCE474 /* ViewController.swift in Sources */ = {isa = PBXBuildFile; fileRef = 04EEB7A82453353000CCE474 /* ViewController.swift */; };
		04EEB7AC2453353000CCE474 /* Main.storyboard in Resources */ = {isa = PBXBuildFile; fileRef = 04EEB7AA2453353000CCE474 /* Main.storyboard */; };
		04EEB7AE2453353200CCE474 /* Assets.xcassets in Resources */ = {isa = PBXBuildFile; fileRef = 04EEB7AD2453353200CCE474 /* Assets.xcassets */; };
		04EEB7B12453353200CCE474 /* LaunchScreen.storyboard in Resources */ = {isa = PBXBuildFile; fileRef = 04EEB7AF2453353200CCE474 /* LaunchScreen.storyboard */; };
		04EEB7BE2453692100CCE474 /* ResultViewController.swift in Sources */ = {isa = PBXBuildFile; fileRef = 04EEB7BD2453692100CCE474 /* ResultViewController.swift */; };
/* End PBXBuildFile section */

/* Begin PBXFileReference section */
		040C531024546EFC00F1A885 /* CalculatorBrain.swift */ = {isa = PBXFileReference; lastKnownFileType = sourcecode.swift; path = CalculatorBrain.swift; sourceTree = "<group>"; };
		040C531224547ADB00F1A885 /* BMI.swift */ = {isa = PBXFileReference; lastKnownFileType = sourcecode.swift; path = BMI.swift; sourceTree = "<group>"; };
		04EEB7A32453353000CCE474 /* BMI Calculator.app */ = {isa = PBXFileReference; explicitFileType = wrapper.application; includeInIndex = 0; path = "BMI Calculator.app"; sourceTree = BUILT_PRODUCTS_DIR; };
		04EEB7A62453353000CCE474 /* AppDelegate.swift */ = {isa = PBXFileReference; lastKnownFileType = sourcecode.swift; path = AppDelegate.swift; sourceTree = "<group>"; };
		04EEB7A82453353000CCE474 /* ViewController.swift */ = {isa = PBXFileReference; lastKnownFileType = sourcecode.swift; name = ViewController.swift; path = ../ViewController.swift; sourceTree = "<group>"; };
		04EEB7AB2453353000CCE474 /* Base */ = {isa = PBXFileReference; lastKnownFileType = file.storyboard; name = Base; path = Base.lproj/Main.storyboard; sourceTree = "<group>"; };
		04EEB7AD2453353200CCE474 /* Assets.xcassets */ = {isa = PBXFileReference; lastKnownFileType = folder.assetcatalog; path = Assets.xcassets; sourceTree = "<group>"; };
		04EEB7B02453353200CCE474 /* Base */ = {isa = PBXFileReference; lastKnownFileType = file.storyboard; name = Base; path = Base.lproj/LaunchScreen.storyboard; sourceTree = "<group>"; };
		04EEB7B22453353200CCE474 /* Info.plist */ = {isa = PBXFileReference; lastKnownFileType = text.plist.xml; path = Info.plist; sourceTree = "<group>"; };
		04EEB7BD2453692100CCE474 /* ResultViewController.swift */ = {isa = PBXFileReference; lastKnownFileType = sourcecode.swift; path = ResultViewController.swift; sourceTree = "<group>"; };
/* End PBXFileReference section */

/* Begin PBXFrameworksBuildPhase section */
		04EEB7A02453353000CCE474 /* Frameworks */ = {
			isa = PBXFrameworksBuildPhase;
			buildActionMask = 2147483647;
			files = (
			);
			runOnlyForDeploymentPostprocessing = 0;
		};
/* End PBXFrameworksBuildPhase section */

/* Begin PBXGroup section */
		04EEB79A2453353000CCE474 = {
			isa = PBXGroup;
			children = (
				04EEB7A52453353000CCE474 /* BMI Calculator */,
				04EEB7A42453353000CCE474 /* Products */,
			);
			sourceTree = "<group>";
		};
		04EEB7A42453353000CCE474 /* Products */ = {
			isa = PBXGroup;
			children = (
				04EEB7A32453353000CCE474 /* BMI Calculator.app */,
			);
			name = Products;
			sourceTree = "<group>";
		};
		04EEB7A52453353000CCE474 /* BMI Calculator */ = {
			isa = PBXGroup;
			children = (
				04EEB7A62453353000CCE474 /* AppDelegate.swift */,
				04EEB7BA245343B800CCE474 /* Models */,
				04EEB7B82453433E00CCE474 /* Views */,
				04EEB7B9245343A100CCE474 /* Controllers */,
				04EEB7AD2453353200CCE474 /* Assets.xcassets */,
				04EEB7AF2453353200CCE474 /* LaunchScreen.storyboard */,
				04EEB7B22453353200CCE474 /* Info.plist */,
			);
			path = "BMI Calculator";
			sourceTree = "<group>";
		};
		04EEB7B82453433E00CCE474 /* Views */ = {
			isa = PBXGroup;
			children = (
				04EEB7AA2453353000CCE474 /* Main.storyboard */,
			);
			path = Views;
			sourceTree = "<group>";
		};
		04EEB7B9245343A100CCE474 /* Controllers */ = {
			isa = PBXGroup;
			children = (
				04EEB7A82453353000CCE474 /* ViewController.swift */,
				04EEB7BD2453692100CCE474 /* ResultViewController.swift */,
			);
			path = Controllers;
			sourceTree = "<group>";
		};
		04EEB7BA245343B800CCE474 /* Models */ = {
			isa = PBXGroup;
			children = (
				040C531024546EFC00F1A885 /* CalculatorBrain.swift */,
				040C531224547ADB00F1A885 /* BMI.swift */,
			);
			path = Models;
			sourceTree = "<group>";
		};
/* End PBXGroup section */

/* Begin PBXNativeTarget section */
		04EEB7A22453353000CCE474 /* BMI Calculator */ = {
			isa = PBXNativeTarget;
			buildConfigurationList = 04EEB7B52453353200CCE474 /* Build configuration list for PBXNativeTarget "BMI Calculator" */;
			buildPhases = (
				04EEB79F2453353000CCE474 /* Sources */,
				04EEB7A02453353000CCE474 /* Frameworks */,
				04EEB7A12453353000CCE474 /* Resources */,
			);
			buildRules = (
			);
			dependencies = (
			);
			name = "BMI Calculator";
			productName = "BMI Calculator";
			productReference = 04EEB7A32453353000CCE474 /* BMI Calculator.app */;
			productType = "com.apple.product-type.application";
		};
/* End PBXNativeTarget section */

/* Begin PBXProject section */
		04EEB79B2453353000CCE474 /* Project object */ = {
			isa = PBXProject;
			attributes = {
				LastSwiftUpdateCheck = 1030;
				LastUpgradeCheck = 1030;
				ORGANIZATIONNAME = Esraa;
				TargetAttributes = {
					04EEB7A22453353000CCE474 = {
						CreatedOnToolsVersion = 10.3;
					};
				};
			};
			buildConfigurationList = 04EEB79E2453353000CCE474 /* Build configuration list for PBXProject "BMI Calculator" */;
			compatibilityVersion = "Xcode 10.0";
			developmentRegion = en;
			hasScannedForEncodings = 0;
			knownRegions = (
				en,
				Base,
			);
			mainGroup = 04EEB79A2453353000CCE474;
			productRefGroup = 04EEB7A42453353000CCE474 /* Products */;
			projectDirPath = "";
			projectRoot = "";
			targets = (
				04EEB7A22453353000CCE474 /* BMI Calculator */,
			);
		};
/* End PBXProject section */

/* Begin PBXResourcesBuildPhase section */
		04EEB7A12453353000CCE474 /* Resources */ = {
			isa = PBXResourcesBuildPhase;
			buildActionMask = 2147483647;
			files = (
				04EEB7B12453353200CCE474 /* LaunchScreen.storyboard in Resources */,
				04EEB7AE2453353200CCE474 /* Assets.xcassets in Resources */,
				04EEB7AC2453353000CCE474 /* Main.storyboard in Resources */,
			);
			runOnlyForDeploymentPostprocessing = 0;
		};
/* End PBXResourcesBuildPhase section */

/* Begin PBXSourcesBuildPhase section */
		04EEB79F2453353000CCE474 /* Sources */ = {
			isa = PBXSourcesBuildPhase;
			buildActionMask = 2147483647;
			files = (
				040C531324547ADB00F1A885 /* BMI.swift in Sources */,
				04EEB7A92453353000CCE474 /* ViewController.swift in Sources */,
				04EEB7A72453353000CCE474 /* AppDelegate.swift in Sources */,
				04EEB7BE2453692100CCE474 /* ResultViewController.swift in Sources */,
				040C531124546EFC00F1A885 /* CalculatorBrain.swift in Sources */,
			);
			runOnlyForDeploymentPostprocessing = 0;
		};
/* End PBXSourcesBuildPhase section */

/* Begin PBXVariantGroup section */
		04EEB7AA2453353000CCE474 /* Main.storyboard */ = {
			isa = PBXVariantGroup;
			children = (
				04EEB7AB2453353000CCE474 /* Base */,
			);
			name = Main.storyboard;
			sourceTree = "<group>";
		};
		04EEB7AF2453353200CCE474 /* LaunchScreen.storyboard */ = {
			isa = PBXVariantGroup;
			children = (
				04EEB7B02453353200CCE474 /* Base */,
			);
			name = LaunchScreen.storyboard;
			sourceTree = "<group>";
		};
/* End PBXVariantGroup section */

/* Begin XCBuildConfiguration section */
		04EEB7B32453353200CCE474 /* Debug */ = {
			isa = XCBuildConfiguration;
			buildSettings = {
				ALWAYS_SEARCH_USER_PATHS = NO;
				CLANG_ANALYZER_NONNULL = YES;
				CLANG_ANALYZER_NUMBER_OBJECT_CONVERSION = YES_AGGRESSIVE;
				CLANG_CXX_LANGUAGE_STANDARD = "gnu++14";
				CLANG_CXX_LIBRARY = "libc++";
				CLANG_ENABLE_MODULES = YES;
				CLANG_ENABLE_OBJC_ARC = YES;
				CLANG_ENABLE_OBJC_WEAK = YES;
				CLANG_WARN_BLOCK_CAPTURE_AUTORELEASING = YES;
				CLANG_WARN_BOOL_CONVERSION = YES;
				CLANG_WARN_COMMA = YES;
				CLANG_WARN_CONSTANT_CONVERSION = YES;
				CLANG_WARN_DEPRECATED_OBJC_IMPLEMENTATIONS = YES;
				CLANG_WARN_DIRECT_OBJC_ISA_USAGE = YES_ERROR;
				CLANG_WARN_DOCUMENTATION_COMMENTS = YES;
				CLANG_WARN_EMPTY_BODY = YES;
				CLANG_WARN_ENUM_CONVERSION = YES;
				CLANG_WARN_INFINITE_RECURSION = YES;
				CLANG_WARN_INT_CONVERSION = YES;
				CLANG_WARN_NON_LITERAL_NULL_CONVERSION = YES;
				CLANG_WARN_OBJC_IMPLICIT_RETAIN_SELF = YES;
				CLANG_WARN_OBJC_LITERAL_CONVERSION = YES;
				CLANG_WARN_OBJC_ROOT_CLASS = YES_ERROR;
				CLANG_WARN_RANGE_LOOP_ANALYSIS = YES;
				CLANG_WARN_STRICT_PROTOTYPES = YES;
				CLANG_WARN_SUSPICIOUS_MOVE = YES;
				CLANG_WARN_UNGUARDED_AVAILABILITY = YES_AGGRESSIVE;
				CLANG_WARN_UNREACHABLE_CODE = YES;
				CLANG_WARN__DUPLICATE_METHOD_MATCH = YES;
				CODE_SIGN_IDENTITY = "iPhone Developer";
				COPY_PHASE_STRIP = NO;
				DEBUG_INFORMATION_FORMAT = dwarf;
				ENABLE_STRICT_OBJC_MSGSEND = YES;
				ENABLE_TESTABILITY = YES;
				GCC_C_LANGUAGE_STANDARD = gnu11;
				GCC_DYNAMIC_NO_PIC = NO;
				GCC_NO_COMMON_BLOCKS = YES;
				GCC_OPTIMIZATION_LEVEL = 0;
				GCC_PREPROCESSOR_DEFINITIONS = (
					"DEBUG=1",
					"$(inherited)",
				);
				GCC_WARN_64_TO_32_BIT_CONVERSION = YES;
				GCC_WARN_ABOUT_RETURN_TYPE = YES_ERROR;
				GCC_WARN_UNDECLARED_SELECTOR = YES;
				GCC_WARN_UNINITIALIZED_AUTOS = YES_AGGRESSIVE;
				GCC_WARN_UNUSED_FUNCTION = YES;
				GCC_WARN_UNUSED_VARIABLE = YES;
				IPHONEOS_DEPLOYMENT_TARGET = 12.4;
				MTL_ENABLE_DEBUG_INFO = INCLUDE_SOURCE;
				MTL_FAST_MATH = YES;
				ONLY_ACTIVE_ARCH = YES;
				SDKROOT = iphoneos;
				SWIFT_ACTIVE_COMPILATION_CONDITIONS = DEBUG;
				SWIFT_OPTIMIZATION_LEVEL = "-Onone";
			};
			name = Debug;
		};
		04EEB7B42453353200CCE474 /* Release */ = {
			isa = XCBuildConfiguration;
			buildSettings = {
				ALWAYS_SEARCH_USER_PATHS = NO;
				CLANG_ANALYZER_NONNULL = YES;
				CLANG_ANALYZER_NUMBER_OBJECT_CONVERSION = YES_AGGRESSIVE;
				CLANG_CXX_LANGUAGE_STANDARD = "gnu++14";
				CLANG_CXX_LIBRARY = "libc++";
				CLANG_ENABLE_MODULES = YES;
				CLANG_ENABLE_OBJC_ARC = YES;
				CLANG_ENABLE_OBJC_WEAK = YES;
				CLANG_WARN_BLOCK_CAPTURE_AUTORELEASING = YES;
				CLANG_WARN_BOOL_CONVERSION = YES;
				CLANG_WARN_COMMA = YES;
				CLANG_WARN_CONSTANT_CONVERSION = YES;
				CLANG_WARN_DEPRECATED_OBJC_IMPLEMENTATIONS = YES;
				CLANG_WARN_DIRECT_OBJC_ISA_USAGE = YES_ERROR;
				CLANG_WARN_DOCUMENTATION_COMMENTS = YES;
				CLANG_WARN_EMPTY_BODY = YES;
				CLANG_WARN_ENUM_CONVERSION = YES;
				CLANG_WARN_INFINITE_RECURSION = YES;
				CLANG_WARN_INT_CONVERSION = YES;
				CLANG_WARN_NON_LITERAL_NULL_CONVERSION = YES;
				CLANG_WARN_OBJC_IMPLICIT_RETAIN_SELF = YES;
				CLANG_WARN_OBJC_LITERAL_CONVERSION = YES;
				CLANG_WARN_OBJC_ROOT_CLASS = YES_ERROR;
				CLANG_WARN_RANGE_LOOP_ANALYSIS = YES;
				CLANG_WARN_STRICT_PROTOTYPES = YES;
				CLANG_WARN_SUSPICIOUS_MOVE = YES;
				CLANG_WARN_UNGUARDED_AVAILABILITY = YES_AGGRESSIVE;
				CLANG_WARN_UNREACHABLE_CODE = YES;
				CLANG_WARN__DUPLICATE_METHOD_MATCH = YES;
				CODE_SIGN_IDENTITY = "iPhone Developer";
				COPY_PHASE_STRIP = NO;
				DEBUG_INFORMATION_FORMAT = "dwarf-with-dsym";
				ENABLE_NS_ASSERTIONS = NO;
				ENABLE_STRICT_OBJC_MSGSEND = YES;
				GCC_C_LANGUAGE_STANDARD = gnu11;
				GCC_NO_COMMON_BLOCKS = YES;
				GCC_WARN_64_TO_32_BIT_CONVERSION = YES;
				GCC_WARN_ABOUT_RETURN_TYPE = YES_ERROR;
				GCC_WARN_UNDECLARED_SELECTOR = YES;
				GCC_WARN_UNINITIALIZED_AUTOS = YES_AGGRESSIVE;
				GCC_WARN_UNUSED_FUNCTION = YES;
				GCC_WARN_UNUSED_VARIABLE = YES;
				IPHONEOS_DEPLOYMENT_TARGET = 12.4;
				MTL_ENABLE_DEBUG_INFO = NO;
				MTL_FAST_MATH = YES;
				SDKROOT = iphoneos;
				SWIFT_COMPILATION_MODE = wholemodule;
				SWIFT_OPTIMIZATION_LEVEL = "-O";
				VALIDATE_PRODUCT = YES;
			};
			name = Release;
		};
		04EEB7B62453353200CCE474 /* Debug */ = {
			isa = XCBuildConfiguration;
			buildSettings = {
				ASSETCATALOG_COMPILER_APPICON_NAME = AppIcon;
				CODE_SIGN_STYLE = Automatic;
				DEVELOPMENT_TEAM = T5GA7DTMUP;
				INFOPLIST_FILE = "BMI Calculator/Info.plist";
				IPHONEOS_DEPLOYMENT_TARGET = 12.2;
				LD_RUNPATH_SEARCH_PATHS = (
					"$(inherited)",
					"@executable_path/Frameworks",
				);
				PRODUCT_BUNDLE_IDENTIFIER = "com.esraa.BMI-Calculator";
				PRODUCT_NAME = "$(TARGET_NAME)";
				SWIFT_VERSION = 5.0;
				TARGETED_DEVICE_FAMILY = "1,2";
			};
			name = Debug;
		};
		04EEB7B72453353200CCE474 /* Release */ = {
			isa = XCBuildConfiguration;
			buildSettings = {
				ASSETCATALOG_COMPILER_APPICON_NAME = AppIcon;
				CODE_SIGN_STYLE = Automatic;
				DEVELOPMENT_TEAM = T5GA7DTMUP;
				INFOPLIST_FILE = "BMI Calculator/Info.plist";
				IPHONEOS_DEPLOYMENT_TARGET = 12.2;
				LD_RUNPATH_SEARCH_PATHS = (
					"$(inherited)",
					"@executable_path/Frameworks",
				);
				PRODUCT_BUNDLE_IDENTIFIER = "com.esraa.BMI-Calculator";
				PRODUCT_NAME = "$(TARGET_NAME)";
				SWIFT_VERSION = 5.0;
				TARGETED_DEVICE_FAMILY = "1,2";
			};
			name = Release;
		};
/* End XCBuildConfiguration section */

/* Begin XCConfigurationList section */
		04EEB79E2453353000CCE474 /* Build configuration list for PBXProject "BMI Calculator" */ = {
			isa = XCConfigurationList;
			buildConfigurations = (
				04EEB7B32453353200CCE474 /* Debug */,
				04EEB7B42453353200CCE474 /* Release */,
			);
			defaultConfigurationIsVisible = 0;
			defaultConfigurationName = Release;
		};
		04EEB7B52453353200CCE474 /* Build configuration list for PBXNativeTarget "BMI Calculator" */ = {
			isa = XCConfigurationList;
			buildConfigurations = (
				04EEB7B62453353200CCE474 /* Debug */,
				04EEB7B72453353200CCE474 /* Release */,
			);
			defaultConfigurationIsVisible = 0;
			defaultConfigurationName = Release;
		};
/* End XCConfigurationList section */
	};
	rootObject = 04EEB79B2453353000CCE474 /* Project object */;
}
