// !$*UTF8*$!
{
	archiveVersion = 1;
	classes = {
	};
	objectVersion = 51;
	objects = {

/* Begin PBXBuildFile section */
		0483FD512452079900392082 /* QuizBrain.swift in Sources */ = {isa = PBXBuildFile; fileRef = 0483FD502452079900392082 /* QuizBrain.swift */; };
		04D64B5F2450ED170046946C /* AppDelegate.swift in Sources */ = {isa = PBXBuildFile; fileRef = 04D64B5E2450ED170046946C /* AppDelegate.swift */; };
		04D64B612450ED170046946C /* ViewController.swift in Sources */ = {isa = PBXBuildFile; fileRef = 04D64B602450ED170046946C /* ViewController.swift */; };
		04D64B642450ED170046946C /* Main.storyboard in Resources */ = {isa = PBXBuildFile; fileRef = 04D64B622450ED170046946C /* Main.storyboard */; };
		04D64B662450ED180046946C /* Assets.xcassets in Resources */ = {isa = PBXBuildFile; fileRef = 04D64B652450ED180046946C /* Assets.xcassets */; };
		04D64B692450ED180046946C /* LaunchScreen.storyboard in Resources */ = {isa = PBXBuildFile; fileRef = 04D64B672450ED180046946C /* LaunchScreen.storyboard */; };
		04D64B7324510BE10046946C /* Question.swift in Sources */ = {isa = PBXBuildFile; fileRef = 04D64B7224510BE10046946C /* Question.swift */; };
/* End PBXBuildFile section */

/* Begin PBXFileReference section */
		0483FD502452079900392082 /* QuizBrain.swift */ = {isa = PBXFileReference; lastKnownFileType = sourcecode.swift; path = QuizBrain.swift; sourceTree = "<group>"; };
		04D64B5B2450ED170046946C /* Quizzer.app */ = {isa = PBXFileReference; explicitFileType = wrapper.application; includeInIndex = 0; path = Quizzer.app; sourceTree = BUILT_PRODUCTS_DIR; };
		04D64B5E2450ED170046946C /* AppDelegate.swift */ = {isa = PBXFileReference; lastKnownFileType = sourcecode.swift; path = AppDelegate.swift; sourceTree = "<group>"; };
		04D64B602450ED170046946C /* ViewController.swift */ = {isa = PBXFileReference; lastKnownFileType = sourcecode.swift; path = ViewController.swift; sourceTree = "<group>"; };
		04D64B632450ED170046946C /* Base */ = {isa = PBXFileReference; lastKnownFileType = file.storyboard; name = Base; path = Base.lproj/Main.storyboard; sourceTree = "<group>"; };
		04D64B652450ED180046946C /* Assets.xcassets */ = {isa = PBXFileReference; lastKnownFileType = folder.assetcatalog; path = Assets.xcassets; sourceTree = "<group>"; };
		04D64B682450ED180046946C /* Base */ = {isa = PBXFileReference; lastKnownFileType = file.storyboard; name = Base; path = Base.lproj/LaunchScreen.storyboard; sourceTree = "<group>"; };
		04D64B6A2450ED180046946C /* Info.plist */ = {isa = PBXFileReference; lastKnownFileType = text.plist.xml; path = Info.plist; sourceTree = "<group>"; };
		04D64B7224510BE10046946C /* Question.swift */ = {isa = PBXFileReference; lastKnownFileType = sourcecode.swift; path = Question.swift; sourceTree = "<group>"; };
/* End PBXFileReference section */

/* Begin PBXFrameworksBuildPhase section */
		04D64B582450ED160046946C /* Frameworks */ = {
			isa = PBXFrameworksBuildPhase;
			buildActionMask = 2147483647;
			files = (
			);
			runOnlyForDeploymentPostprocessing = 0;
		};
/* End PBXFrameworksBuildPhase section */

/* Begin PBXGroup section */
		0483FD4D245206D400392082 /* Model */ = {
			isa = PBXGroup;
			children = (
				04D64B7224510BE10046946C /* Question.swift */,
				0483FD502452079900392082 /* QuizBrain.swift */,
			);
			path = Model;
			sourceTree = "<group>";
		};
		0483FD4E245206EB00392082 /* View */ = {
			isa = PBXGroup;
			children = (
				04D64B622450ED170046946C /* Main.storyboard */,
			);
			path = View;
			sourceTree = "<group>";
		};
		0483FD4F245206F600392082 /* Controller */ = {
			isa = PBXGroup;
			children = (
				04D64B602450ED170046946C /* ViewController.swift */,
			);
			path = Controller;
			sourceTree = "<group>";
		};
		04D64B522450ED160046946C = {
			isa = PBXGroup;
			children = (
				04D64B5D2450ED170046946C /* Quizzer */,
				04D64B5C2450ED170046946C /* Products */,
			);
			sourceTree = "<group>";
		};
		04D64B5C2450ED170046946C /* Products */ = {
			isa = PBXGroup;
			children = (
				04D64B5B2450ED170046946C /* Quizzer.app */,
			);
			name = Products;
			sourceTree = "<group>";
		};
		04D64B5D2450ED170046946C /* Quizzer */ = {
			isa = PBXGroup;
			children = (
				04D64B5E2450ED170046946C /* AppDelegate.swift */,
				0483FD4D245206D400392082 /* Model */,
				0483FD4E245206EB00392082 /* View */,
				0483FD4F245206F600392082 /* Controller */,
				04D64B652450ED180046946C /* Assets.xcassets */,
				04D64B672450ED180046946C /* LaunchScreen.storyboard */,
				04D64B6A2450ED180046946C /* Info.plist */,
			);
			path = Quizzer;
			sourceTree = "<group>";
		};
/* End PBXGroup section */

/* Begin PBXNativeTarget section */
		04D64B5A2450ED160046946C /* Quizzer */ = {
			isa = PBXNativeTarget;
			buildConfigurationList = 04D64B6D2450ED180046946C /* Build configuration list for PBXNativeTarget "Quizzer" */;
			buildPhases = (
				04D64B572450ED160046946C /* Sources */,
				04D64B582450ED160046946C /* Frameworks */,
				04D64B592450ED160046946C /* Resources */,
			);
			buildRules = (
			);
			dependencies = (
			);
			name = Quizzer;
			productName = Quizzer;
			productReference = 04D64B5B2450ED170046946C /* Quizzer.app */;
			productType = "com.apple.product-type.application";
		};
/* End PBXNativeTarget section */

/* Begin PBXProject section */
		04D64B532450ED160046946C /* Project object */ = {
			isa = PBXProject;
			attributes = {
				LastSwiftUpdateCheck = 1030;
				LastUpgradeCheck = 1030;
				ORGANIZATIONNAME = Esraa;
				TargetAttributes = {
					04D64B5A2450ED160046946C = {
						CreatedOnToolsVersion = 10.3;
					};
				};
			};
			buildConfigurationList = 04D64B562450ED160046946C /* Build configuration list for PBXProject "Quizzer" */;
			compatibilityVersion = "Xcode 10.0";
			developmentRegion = en;
			hasScannedForEncodings = 0;
			knownRegions = (
				en,
				Base,
			);
			mainGroup = 04D64B522450ED160046946C;
			productRefGroup = 04D64B5C2450ED170046946C /* Products */;
			projectDirPath = "";
			projectRoot = "";
			targets = (
				04D64B5A2450ED160046946C /* Quizzer */,
			);
		};
/* End PBXProject section */

/* Begin PBXResourcesBuildPhase section */
		04D64B592450ED160046946C /* Resources */ = {
			isa = PBXResourcesBuildPhase;
			buildActionMask = 2147483647;
			files = (
				04D64B692450ED180046946C /* LaunchScreen.storyboard in Resources */,
				04D64B662450ED180046946C /* Assets.xcassets in Resources */,
				04D64B642450ED170046946C /* Main.storyboard in Resources */,
			);
			runOnlyForDeploymentPostprocessing = 0;
		};
/* End PBXResourcesBuildPhase section */

/* Begin PBXSourcesBuildPhase section */
		04D64B572450ED160046946C /* Sources */ = {
			isa = PBXSourcesBuildPhase;
			buildActionMask = 2147483647;
			files = (
				04D64B7324510BE10046946C /* Question.swift in Sources */,
				04D64B612450ED170046946C /* ViewController.swift in Sources */,
				04D64B5F2450ED170046946C /* AppDelegate.swift in Sources */,
				0483FD512452079900392082 /* QuizBrain.swift in Sources */,
			);
			runOnlyForDeploymentPostprocessing = 0;
		};
/* End PBXSourcesBuildPhase section */

/* Begin PBXVariantGroup section */
		04D64B622450ED170046946C /* Main.storyboard */ = {
			isa = PBXVariantGroup;
			children = (
				04D64B632450ED170046946C /* Base */,
			);
			name = Main.storyboard;
			sourceTree = "<group>";
		};
		04D64B672450ED180046946C /* LaunchScreen.storyboard */ = {
			isa = PBXVariantGroup;
			children = (
				04D64B682450ED180046946C /* Base */,
			);
			name = LaunchScreen.storyboard;
			sourceTree = "<group>";
		};
/* End PBXVariantGroup section */

/* Begin XCBuildConfiguration section */
		04D64B6B2450ED180046946C /* Debug */ = {
			isa = XCBuildConfiguration;
			buildSettings = {
				ALWAYS_SEARCH_USER_PATHS = NO;
				CLANG_ANALYZER_NONNULL = YES;
				CLANG_ANALYZER_NUMBER_OBJECT_CONVERSION = YES_AGGRESSIVE;
				CLANG_CXX_LANGUAGE_STANDARD = "gnu++14";
				CLANG_CXX_LIBRARY = "libc++";
				CLANG_ENABLE_MODULES = YES;
				CLANG_ENABLE_OBJC_ARC = YES;
				CLANG_ENABLE_OBJC_WEAK = YES;
				CLANG_WARN_BLOCK_CAPTURE_AUTORELEASING = YES;
				CLANG_WARN_BOOL_CONVERSION = YES;
				CLANG_WARN_COMMA = YES;
				CLANG_WARN_CONSTANT_CONVERSION = YES;
				CLANG_WARN_DEPRECATED_OBJC_IMPLEMENTATIONS = YES;
				CLANG_WARN_DIRECT_OBJC_ISA_USAGE = YES_ERROR;
				CLANG_WARN_DOCUMENTATION_COMMENTS = YES;
				CLANG_WARN_EMPTY_BODY = YES;
				CLANG_WARN_ENUM_CONVERSION = YES;
				CLANG_WARN_INFINITE_RECURSION = YES;
				CLANG_WARN_INT_CONVERSION = YES;
				CLANG_WARN_NON_LITERAL_NULL_CONVERSION = YES;
				CLANG_WARN_OBJC_IMPLICIT_RETAIN_SELF = YES;
				CLANG_WARN_OBJC_LITERAL_CONVERSION = YES;
				CLANG_WARN_OBJC_ROOT_CLASS = YES_ERROR;
				CLANG_WARN_RANGE_LOOP_ANALYSIS = YES;
				CLANG_WARN_STRICT_PROTOTYPES = YES;
				CLANG_WARN_SUSPICIOUS_MOVE = YES;
				CLANG_WARN_UNGUARDED_AVAILABILITY = YES_AGGRESSIVE;
				CLANG_WARN_UNREACHABLE_CODE = YES;
				CLANG_WARN__DUPLICATE_METHOD_MATCH = YES;
				CODE_SIGN_IDENTITY = "iPhone Developer";
				COPY_PHASE_STRIP = NO;
				DEBUG_INFORMATION_FORMAT = dwarf;
				ENABLE_STRICT_OBJC_MSGSEND = YES;
				ENABLE_TESTABILITY = YES;
				GCC_C_LANGUAGE_STANDARD = gnu11;
				GCC_DYNAMIC_NO_PIC = NO;
				GCC_NO_COMMON_BLOCKS = YES;
				GCC_OPTIMIZATION_LEVEL = 0;
				GCC_PREPROCESSOR_DEFINITIONS = (
					"DEBUG=1",
					"$(inherited)",
				);
				GCC_WARN_64_TO_32_BIT_CONVERSION = YES;
				GCC_WARN_ABOUT_RETURN_TYPE = YES_ERROR;
				GCC_WARN_UNDECLARED_SELECTOR = YES;
				GCC_WARN_UNINITIALIZED_AUTOS = YES_AGGRESSIVE;
				GCC_WARN_UNUSED_FUNCTION = YES;
				GCC_WARN_UNUSED_VARIABLE = YES;
				IPHONEOS_DEPLOYMENT_TARGET = 12.4;
				MTL_ENABLE_DEBUG_INFO = INCLUDE_SOURCE;
				MTL_FAST_MATH = YES;
				ONLY_ACTIVE_ARCH = YES;
				SDKROOT = iphoneos;
				SWIFT_ACTIVE_COMPILATION_CONDITIONS = DEBUG;
				SWIFT_OPTIMIZATION_LEVEL = "-Onone";
			};
			name = Debug;
		};
		04D64B6C2450ED180046946C /* Release */ = {
			isa = XCBuildConfiguration;
			buildSettings = {
				ALWAYS_SEARCH_USER_PATHS = NO;
				CLANG_ANALYZER_NONNULL = YES;
				CLANG_ANALYZER_NUMBER_OBJECT_CONVERSION = YES_AGGRESSIVE;
				CLANG_CXX_LANGUAGE_STANDARD = "gnu++14";
				CLANG_CXX_LIBRARY = "libc++";
				CLANG_ENABLE_MODULES = YES;
				CLANG_ENABLE_OBJC_ARC = YES;
				CLANG_ENABLE_OBJC_WEAK = YES;
				CLANG_WARN_BLOCK_CAPTURE_AUTORELEASING = YES;
				CLANG_WARN_BOOL_CONVERSION = YES;
				CLANG_WARN_COMMA = YES;
				CLANG_WARN_CONSTANT_CONVERSION = YES;
				CLANG_WARN_DEPRECATED_OBJC_IMPLEMENTATIONS = YES;
				CLANG_WARN_DIRECT_OBJC_ISA_USAGE = YES_ERROR;
				CLANG_WARN_DOCUMENTATION_COMMENTS = YES;
				CLANG_WARN_EMPTY_BODY = YES;
				CLANG_WARN_ENUM_CONVERSION = YES;
				CLANG_WARN_INFINITE_RECURSION = YES;
				CLANG_WARN_INT_CONVERSION = YES;
				CLANG_WARN_NON_LITERAL_NULL_CONVERSION = YES;
				CLANG_WARN_OBJC_IMPLICIT_RETAIN_SELF = YES;
				CLANG_WARN_OBJC_LITERAL_CONVERSION = YES;
				CLANG_WARN_OBJC_ROOT_CLASS = YES_ERROR;
				CLANG_WARN_RANGE_LOOP_ANALYSIS = YES;
				CLANG_WARN_STRICT_PROTOTYPES = YES;
				CLANG_WARN_SUSPICIOUS_MOVE = YES;
				CLANG_WARN_UNGUARDED_AVAILABILITY = YES_AGGRESSIVE;
				CLANG_WARN_UNREACHABLE_CODE = YES;
				CLANG_WARN__DUPLICATE_METHOD_MATCH = YES;
				CODE_SIGN_IDENTITY = "iPhone Developer";
				COPY_PHASE_STRIP = NO;
				DEBUG_INFORMATION_FORMAT = "dwarf-with-dsym";
				ENABLE_NS_ASSERTIONS = NO;
				ENABLE_STRICT_OBJC_MSGSEND = YES;
				GCC_C_LANGUAGE_STANDARD = gnu11;
				GCC_NO_COMMON_BLOCKS = YES;
				GCC_WARN_64_TO_32_BIT_CONVERSION = YES;
				GCC_WARN_ABOUT_RETURN_TYPE = YES_ERROR;
				GCC_WARN_UNDECLARED_SELECTOR = YES;
				GCC_WARN_UNINITIALIZED_AUTOS = YES_AGGRESSIVE;
				GCC_WARN_UNUSED_FUNCTION = YES;
				GCC_WARN_UNUSED_VARIABLE = YES;
				IPHONEOS_DEPLOYMENT_TARGET = 12.4;
				MTL_ENABLE_DEBUG_INFO = NO;
				MTL_FAST_MATH = YES;
				SDKROOT = iphoneos;
				SWIFT_COMPILATION_MODE = wholemodule;
				SWIFT_OPTIMIZATION_LEVEL = "-O";
				VALIDATE_PRODUCT = YES;
			};
			name = Release;
		};
		04D64B6E2450ED180046946C /* Debug */ = {
			isa = XCBuildConfiguration;
			buildSettings = {
				ASSETCATALOG_COMPILER_APPICON_NAME = AppIcon;
				CODE_SIGN_STYLE = Automatic;
				DEVELOPMENT_TEAM = T5GA7DTMUP;
				INFOPLIST_FILE = Quizzer/Info.plist;
				IPHONEOS_DEPLOYMENT_TARGET = 12.2;
				LD_RUNPATH_SEARCH_PATHS = (
					"$(inherited)",
					"@executable_path/Frameworks",
				);
				PRODUCT_BUNDLE_IDENTIFIER = com.esraa.Quizzer;
				PRODUCT_NAME = "$(TARGET_NAME)";
				SWIFT_VERSION = 5.0;
				TARGETED_DEVICE_FAMILY = "1,2";
			};
			name = Debug;
		};
		04D64B6F2450ED180046946C /* Release */ = {
			isa = XCBuildConfiguration;
			buildSettings = {
				ASSETCATALOG_COMPILER_APPICON_NAME = AppIcon;
				CODE_SIGN_STYLE = Automatic;
				DEVELOPMENT_TEAM = T5GA7DTMUP;
				INFOPLIST_FILE = Quizzer/Info.plist;
				IPHONEOS_DEPLOYMENT_TARGET = 12.2;
				LD_RUNPATH_SEARCH_PATHS = (
					"$(inherited)",
					"@executable_path/Frameworks",
				);
				PRODUCT_BUNDLE_IDENTIFIER = com.esraa.Quizzer;
				PRODUCT_NAME = "$(TARGET_NAME)";
				SWIFT_VERSION = 5.0;
				TARGETED_DEVICE_FAMILY = "1,2";
			};
			name = Release;
		};
/* End XCBuildConfiguration section */

/* Begin XCConfigurationList section */
		04D64B562450ED160046946C /* Build configuration list for PBXProject "Quizzer" */ = {
			isa = XCConfigurationList;
			buildConfigurations = (
				04D64B6B2450ED180046946C /* Debug */,
				04D64B6C2450ED180046946C /* Release */,
			);
			defaultConfigurationIsVisible = 0;
			defaultConfigurationName = Release;
		};
		04D64B6D2450ED180046946C /* Build configuration list for PBXNativeTarget "Quizzer" */ = {
			isa = XCConfigurationList;
			buildConfigurations = (
				04D64B6E2450ED180046946C /* Debug */,
				04D64B6F2450ED180046946C /* Release */,
			);
			defaultConfigurationIsVisible = 0;
			defaultConfigurationName = Release;
		};
/* End XCConfigurationList section */
	};
	rootObject = 04D64B532450ED160046946C /* Project object */;
}
